
Microsoft Visual Studio Solution File, Format Version 12.00
# Visual Studio 15
VisualStudioVersion = 15.0.28307.705
MinimumVisualStudioVersion = 10.0.40219.1
Project("{FAE04EC0-301F-11D3-BF4B-00C04F79EFBC}") = "ContractWithWireMock", "ContractWithWireMock\ContractWithWireMock.csproj", "{93103159-DA88-4369-AF09-17D6EAE0C90B}"
EndProject
Project("{FAE04EC0-301F-11D3-BF4B-00C04F79EFBC}") = "MockServer", "MockServer\MockServer.csproj", "{4E057179-FBAB-43CE-9BED-3974D7665E9D}"
EndProject
Project("{FAE04EC0-301F-11D3-BF4B-00C04F79EFBC}") = "Contracts", "Contract\Contracts.csproj", "{FB80BCCA-D7AC-49DF-AC2D-BC3EE8E00484}"
EndProject
Project("{2150E333-8FDC-42A3-9474-1A3956D46DE8}") = "Tests", "Tests", "{1056953A-568D-4041-90BC-71EB08641157}"
EndProject
Project("{FAE04EC0-301F-11D3-BF4B-00C04F79EFBC}") = "WireMockTests", "WireMockTests\WireMockTests.csproj", "{36D46C43-90F3-421B-82B1-FF8E07F582CE}"
EndProject
Global
	GlobalSection(SolutionConfigurationPlatforms) = preSolution
		Debug|Any CPU = Debug|Any CPU
		Release|Any CPU = Release|Any CPU
	EndGlobalSection
	GlobalSection(ProjectConfigurationPlatforms) = postSolution
		{93103159-DA88-4369-AF09-17D6EAE0C90B}.Debug|Any CPU.ActiveCfg = Debug|Any CPU
		{93103159-DA88-4369-AF09-17D6EAE0C90B}.Debug|Any CPU.Build.0 = Debug|Any CPU
		{93103159-DA88-4369-AF09-17D6EAE0C90B}.Release|Any CPU.ActiveCfg = Release|Any CPU
		{93103159-DA88-4369-AF09-17D6EAE0C90B}.Release|Any CPU.Build.0 = Release|Any CPU
		{4E057179-FBAB-43CE-9BED-3974D7665E9D}.Debug|Any CPU.ActiveCfg = Debug|Any CPU
		{4E057179-FBAB-43CE-9BED-3974D7665E9D}.Debug|Any CPU.Build.0 = Debug|Any CPU
		{4E057179-FBAB-43CE-9BED-3974D7665E9D}.Release|Any CPU.ActiveCfg = Release|Any CPU
		{4E057179-FBAB-43CE-9BED-3974D7665E9D}.Release|Any CPU.Build.0 = Release|Any CPU
		{FB80BCCA-D7AC-49DF-AC2D-BC3EE8E00484}.Debug|Any CPU.ActiveCfg = Debug|Any CPU
		{FB80BCCA-D7AC-49DF-AC2D-BC3EE8E00484}.Debug|Any CPU.Build.0 = Debug|Any CPU
		{FB80BCCA-D7AC-49DF-AC2D-BC3EE8E00484}.Release|Any CPU.ActiveCfg = Release|Any CPU
		{FB80BCCA-D7AC-49DF-AC2D-BC3EE8E00484}.Release|Any CPU.Build.0 = Release|Any CPU
		{36D46C43-90F3-421B-82B1-FF8E07F582CE}.Debug|Any CPU.ActiveCfg = Debug|Any CPU
		{36D46C43-90F3-421B-82B1-FF8E07F582CE}.Debug|Any CPU.Build.0 = Debug|Any CPU
		{36D46C43-90F3-421B-82B1-FF8E07F582CE}.Release|Any CPU.ActiveCfg = Release|Any CPU
		{36D46C43-90F3-421B-82B1-FF8E07F582CE}.Release|Any CPU.Build.0 = Release|Any CPU
	EndGlobalSection
	GlobalSection(SolutionProperties) = preSolution
		HideSolutionNode = FALSE
	EndGlobalSection
	GlobalSection(NestedProjects) = preSolution
		{36D46C43-90F3-421B-82B1-FF8E07F582CE} = {1056953A-568D-4041-90BC-71EB08641157}
	EndGlobalSection
	GlobalSection(ExtensibilityGlobals) = postSolution
		SolutionGuid = {B494D8AE-A7DE-41B3-8A07-AA0B08DC50A7}
	EndGlobalSection
EndGlobal
